{
  "name": "shop-minapp",
  "version": "1.0.0",
  "lockfileVersion": 1,
  "requires": true,
  "dependencies": {
    "lin-ui": {
      "version": "0.7.6",
      "resolved": "https://registry.npmjs.org/lin-ui/-/lin-ui-0.7.6.tgz",
      "integrity": "sha512-jW3anWNc1x66M8yUs+6+ZwPeUSdcNymz4csaZAZHgQ5mBtbIcMfXYertr6hrgsUWRKipk3snvriW4UQtJlgyPQ=="
    }
  }
}
